# This file is automatically @generated by Cargo.
# It is not intended for manual editing.
[[package]]
name = "cringe"
version = "0.0.0"
dependencies = [
 "npm 0.0.0 (registry+https://github.com/rust-lang/crates.io-index)",
]

[[package]]
name = "npm"
version = "0.0.0"
source = "registry+https://github.com/rust-lang/crates.io-index"

[metadata]
"checksum npm 0.0.0 (registry+https://github.com/rust-lang/crates.io-index)" = "5815ab6bbb12a217f689151ffa991bbdbfa6e804bbc9e587fd160e55da07b728"
